
Microsoft Visual Studio Solution File, Format Version 12.00
# Visual Studio Version 18
VisualStudioVersion = 18.4.11605.240
MinimumVisualStudioVersion = 10.0.40219.1
Project("{FAE04EC0-301F-11D3-BF4B-00C04F79EFBC}") = "LearnCS", "LearnCS.csproj", "{B1DCA8B5-22EC-43B2-88DA-5139A65A3AF2}"
EndProject
Project("{00D1A9C2-B5F0-4AF3-8072-F6C62B433612}") = "Database1", "..\Database1\Database1.sqlproj", "{A782C6BC-D2F4-4F3B-8A28-63D30FCF349C}"
EndProject
Global
	GlobalSection(SolutionConfigurationPlatforms) = preSolution
		Debug|Any CPU = Debug|Any CPU
		Release|Any CPU = Release|Any CPU
	EndGlobalSection
	GlobalSection(ProjectConfigurationPlatforms) = postSolution
		{B1DCA8B5-22EC-43B2-88DA-5139A65A3AF2}.Debug|Any CPU.ActiveCfg = Debug|Any CPU
		{B1DCA8B5-22EC-43B2-88DA-5139A65A3AF2}.Debug|Any CPU.Build.0 = Debug|Any CPU
		{B1DCA8B5-22EC-43B2-88DA-5139A65A3AF2}.Release|Any CPU.ActiveCfg = Release|Any CPU
		{B1DCA8B5-22EC-43B2-88DA-5139A65A3AF2}.Release|Any CPU.Build.0 = Release|Any CPU
		{A782C6BC-D2F4-4F3B-8A28-63D30FCF349C}.Debug|Any CPU.ActiveCfg = Debug|Any CPU
		{A782C6BC-D2F4-4F3B-8A28-63D30FCF349C}.Debug|Any CPU.Build.0 = Debug|Any CPU
		{A782C6BC-D2F4-4F3B-8A28-63D30FCF349C}.Debug|Any CPU.Deploy.0 = Debug|Any CPU
		{A782C6BC-D2F4-4F3B-8A28-63D30FCF349C}.Release|Any CPU.ActiveCfg = Release|Any CPU
		{A782C6BC-D2F4-4F3B-8A28-63D30FCF349C}.Release|Any CPU.Build.0 = Release|Any CPU
		{A782C6BC-D2F4-4F3B-8A28-63D30FCF349C}.Release|Any CPU.Deploy.0 = Release|Any CPU
	EndGlobalSection
	GlobalSection(SolutionProperties) = preSolution
		HideSolutionNode = FALSE
	EndGlobalSection
	GlobalSection(ExtensibilityGlobals) = postSolution
		SolutionGuid = {F1A961D8-2267-4955-99B5-789998695974}
	EndGlobalSection
EndGlobal
